
Microsoft Visual Studio Solution File, Format Version 12.00
# Visual Studio Version 17
VisualStudioVersion = 17.5.33516.290
MinimumVisualStudioVersion = 10.0.40219.1
Project("{FAE04EC0-301F-11D3-BF4B-00C04F79EFBC}") = "zadanie5", "zadanie5\zadanie5.csproj", "{D5BBA82C-5BFD-4C40-A7B1-B4F9A3831A65}"
EndProject
Global
	GlobalSection(SolutionConfigurationPlatforms) = preSolution
		Debug|Any CPU = Debug|Any CPU
		Release|Any CPU = Release|Any CPU
	EndGlobalSection
	GlobalSection(ProjectConfigurationPlatforms) = postSolution
		{D5BBA82C-5BFD-4C40-A7B1-B4F9A3831A65}.Debug|Any CPU.ActiveCfg = Debug|Any CPU
		{D5BBA82C-5BFD-4C40-A7B1-B4F9A3831A65}.Debug|Any CPU.Build.0 = Debug|Any CPU
		{D5BBA82C-5BFD-4C40-A7B1-B4F9A3831A65}.Release|Any CPU.ActiveCfg = Release|Any CPU
		{D5BBA82C-5BFD-4C40-A7B1-B4F9A3831A65}.Release|Any CPU.Build.0 = Release|Any CPU
	EndGlobalSection
	GlobalSection(SolutionProperties) = preSolution
		HideSolutionNode = FALSE
	EndGlobalSection
	GlobalSection(ExtensibilityGlobals) = postSolution
		SolutionGuid = {31E9B48D-9807-4636-A0A9-FAF685675F7B}
	EndGlobalSection
EndGlobal
