
Microsoft Visual Studio Solution File, Format Version 12.00
# Visual Studio Version 17
VisualStudioVersion = 17.5.33516.290
MinimumVisualStudioVersion = 10.0.40219.1
Project("{FAE04EC0-301F-11D3-BF4B-00C04F79EFBC}") = "kolekcje", "kolekcje\kolekcje.csproj", "{FD061371-64AD-4ACA-A93B-2D9D6F030734}"
EndProject
Global
	GlobalSection(SolutionConfigurationPlatforms) = preSolution
		Debug|Any CPU = Debug|Any CPU
		Release|Any CPU = Release|Any CPU
	EndGlobalSection
	GlobalSection(ProjectConfigurationPlatforms) = postSolution
		{FD061371-64AD-4ACA-A93B-2D9D6F030734}.Debug|Any CPU.ActiveCfg = Debug|Any CPU
		{FD061371-64AD-4ACA-A93B-2D9D6F030734}.Debug|Any CPU.Build.0 = Debug|Any CPU
		{FD061371-64AD-4ACA-A93B-2D9D6F030734}.Release|Any CPU.ActiveCfg = Release|Any CPU
		{FD061371-64AD-4ACA-A93B-2D9D6F030734}.Release|Any CPU.Build.0 = Release|Any CPU
	EndGlobalSection
	GlobalSection(SolutionProperties) = preSolution
		HideSolutionNode = FALSE
	EndGlobalSection
	GlobalSection(ExtensibilityGlobals) = postSolution
		SolutionGuid = {D1F9B463-30B0-40EF-BDC1-8C6393C75B19}
	EndGlobalSection
EndGlobal
