
Microsoft Visual Studio Solution File, Format Version 12.00
# Visual Studio Version 17
VisualStudioVersion = 17.5.33516.290
MinimumVisualStudioVersion = 10.0.40219.1
Project("{FAE04EC0-301F-11D3-BF4B-00C04F79EFBC}") = "zadanie5", "5\zadanie5.csproj", "{AE5A2EF5-2FEF-4662-BF8E-0F4187AAD0D0}"
EndProject
Global
	GlobalSection(SolutionConfigurationPlatforms) = preSolution
		Debug|Any CPU = Debug|Any CPU
		Release|Any CPU = Release|Any CPU
	EndGlobalSection
	GlobalSection(ProjectConfigurationPlatforms) = postSolution
		{AE5A2EF5-2FEF-4662-BF8E-0F4187AAD0D0}.Debug|Any CPU.ActiveCfg = Debug|Any CPU
		{AE5A2EF5-2FEF-4662-BF8E-0F4187AAD0D0}.Debug|Any CPU.Build.0 = Debug|Any CPU
		{AE5A2EF5-2FEF-4662-BF8E-0F4187AAD0D0}.Release|Any CPU.ActiveCfg = Release|Any CPU
		{AE5A2EF5-2FEF-4662-BF8E-0F4187AAD0D0}.Release|Any CPU.Build.0 = Release|Any CPU
	EndGlobalSection
	GlobalSection(SolutionProperties) = preSolution
		HideSolutionNode = FALSE
	EndGlobalSection
	GlobalSection(ExtensibilityGlobals) = postSolution
		SolutionGuid = {CFEFF9CF-6BFD-4BD6-910B-8519599A7FC3}
	EndGlobalSection
EndGlobal
