
Microsoft Visual Studio Solution File, Format Version 12.00
# Visual Studio Version 17
VisualStudioVersion = 17.5.33516.290
MinimumVisualStudioVersion = 10.0.40219.1
Project("{FAE04EC0-301F-11D3-BF4B-00C04F79EFBC}") = "Zadanie4", "Zadanie4\Zadanie4.csproj", "{21BF49FA-5C6D-4973-A2E1-4E35B3E93C2D}"
EndProject
Global
	GlobalSection(SolutionConfigurationPlatforms) = preSolution
		Debug|Any CPU = Debug|Any CPU
		Release|Any CPU = Release|Any CPU
	EndGlobalSection
	GlobalSection(ProjectConfigurationPlatforms) = postSolution
		{21BF49FA-5C6D-4973-A2E1-4E35B3E93C2D}.Debug|Any CPU.ActiveCfg = Debug|Any CPU
		{21BF49FA-5C6D-4973-A2E1-4E35B3E93C2D}.Debug|Any CPU.Build.0 = Debug|Any CPU
		{21BF49FA-5C6D-4973-A2E1-4E35B3E93C2D}.Release|Any CPU.ActiveCfg = Release|Any CPU
		{21BF49FA-5C6D-4973-A2E1-4E35B3E93C2D}.Release|Any CPU.Build.0 = Release|Any CPU
	EndGlobalSection
	GlobalSection(SolutionProperties) = preSolution
		HideSolutionNode = FALSE
	EndGlobalSection
	GlobalSection(ExtensibilityGlobals) = postSolution
		SolutionGuid = {5FFD475D-D170-4057-8723-2664D61A518D}
	EndGlobalSection
EndGlobal
